
Microsoft Visual Studio Solution File, Format Version 12.00
# Visual Studio Version 17
VisualStudioVersion = 17.6.33829.357
MinimumVisualStudioVersion = 10.0.40219.1
Project("{FAE04EC0-301F-11D3-BF4B-00C04F79EFBC}") = "BankApp", "BankApp.csproj", "{698FA94A-B2FC-4847-ACAC-12C5DEF9EB4A}"
EndProject
Global
	GlobalSection(SolutionConfigurationPlatforms) = preSolution
		Debug|Any CPU = Debug|Any CPU
		Release|Any CPU = Release|Any CPU
	EndGlobalSection
	GlobalSection(ProjectConfigurationPlatforms) = postSolution
		{698FA94A-B2FC-4847-ACAC-12C5DEF9EB4A}.Debug|Any CPU.ActiveCfg = Debug|Any CPU
		{698FA94A-B2FC-4847-ACAC-12C5DEF9EB4A}.Debug|Any CPU.Build.0 = Debug|Any CPU
		{698FA94A-B2FC-4847-ACAC-12C5DEF9EB4A}.Release|Any CPU.ActiveCfg = Release|Any CPU
		{698FA94A-B2FC-4847-ACAC-12C5DEF9EB4A}.Release|Any CPU.Build.0 = Release|Any CPU
	EndGlobalSection
	GlobalSection(SolutionProperties) = preSolution
		HideSolutionNode = FALSE
	EndGlobalSection
	GlobalSection(ExtensibilityGlobals) = postSolution
		SolutionGuid = {BEB1D666-9BE6-4930-AEDE-BCCDCA8FFCED}
	EndGlobalSection
EndGlobal
