
Microsoft Visual Studio Solution File, Format Version 12.00
# Visual Studio Version 17
VisualStudioVersion = 17.6.33829.357
MinimumVisualStudioVersion = 10.0.40219.1
Project("{FAE04EC0-301F-11D3-BF4B-00C04F79EFBC}") = "BankWebApp", "BankWebApp.csproj", "{AE389FA0-1392-4B35-8D03-140E752B154C}"
EndProject
Global
	GlobalSection(SolutionConfigurationPlatforms) = preSolution
		Debug|Any CPU = Debug|Any CPU
		Release|Any CPU = Release|Any CPU
	EndGlobalSection
	GlobalSection(ProjectConfigurationPlatforms) = postSolution
		{AE389FA0-1392-4B35-8D03-140E752B154C}.Debug|Any CPU.ActiveCfg = Debug|Any CPU
		{AE389FA0-1392-4B35-8D03-140E752B154C}.Debug|Any CPU.Build.0 = Debug|Any CPU
		{AE389FA0-1392-4B35-8D03-140E752B154C}.Release|Any CPU.ActiveCfg = Release|Any CPU
		{AE389FA0-1392-4B35-8D03-140E752B154C}.Release|Any CPU.Build.0 = Release|Any CPU
	EndGlobalSection
	GlobalSection(SolutionProperties) = preSolution
		HideSolutionNode = FALSE
	EndGlobalSection
	GlobalSection(ExtensibilityGlobals) = postSolution
		SolutionGuid = {B41117C8-4F50-49F1-BFA2-9C364819BF2F}
	EndGlobalSection
EndGlobal
